
Microsoft Visual Studio Solution File, Format Version 12.00
# Visual Studio 15
VisualStudioVersion = 15.0.26730.16
MinimumVisualStudioVersion = 10.0.40219.1
Project("{FAE04EC0-301F-11D3-BF4B-00C04F79EFBC}") = "BanMayTinh", "BanMayTinh\BanMayTinh.csproj", "{F42A4293-259B-49F2-838E-40A546496FDE}"
EndProject
Global
	GlobalSection(SolutionConfigurationPlatforms) = preSolution
		Debug|Any CPU = Debug|Any CPU
		Release|Any CPU = Release|Any CPU
	EndGlobalSection
	GlobalSection(ProjectConfigurationPlatforms) = postSolution
		{F42A4293-259B-49F2-838E-40A546496FDE}.Debug|Any CPU.ActiveCfg = Debug|Any CPU
		{F42A4293-259B-49F2-838E-40A546496FDE}.Debug|Any CPU.Build.0 = Debug|Any CPU
		{F42A4293-259B-49F2-838E-40A546496FDE}.Release|Any CPU.ActiveCfg = Release|Any CPU
		{F42A4293-259B-49F2-838E-40A546496FDE}.Release|Any CPU.Build.0 = Release|Any CPU
	EndGlobalSection
	GlobalSection(SolutionProperties) = preSolution
		HideSolutionNode = FALSE
	EndGlobalSection
	GlobalSection(ExtensibilityGlobals) = postSolution
		SolutionGuid = {54D8FA9F-F9C9-443B-8B72-5C059B3472D8}
	EndGlobalSection
EndGlobal
