
Microsoft Visual Studio Solution File, Format Version 12.00
# Visual Studio 15
VisualStudioVersion = 15.0.26730.15
MinimumVisualStudioVersion = 10.0.40219.1
Project("{FAE04EC0-301F-11D3-BF4B-00C04F79EFBC}") = "SadiShop", "SadiShop\SadiShop.csproj", "{F7391538-CAA3-4193-AC64-0A6930E0036F}"
EndProject
Global
	GlobalSection(SolutionConfigurationPlatforms) = preSolution
		Debug|Any CPU = Debug|Any CPU
		Release|Any CPU = Release|Any CPU
	EndGlobalSection
	GlobalSection(ProjectConfigurationPlatforms) = postSolution
		{F7391538-CAA3-4193-AC64-0A6930E0036F}.Debug|Any CPU.ActiveCfg = Debug|Any CPU
		{F7391538-CAA3-4193-AC64-0A6930E0036F}.Debug|Any CPU.Build.0 = Debug|Any CPU
		{F7391538-CAA3-4193-AC64-0A6930E0036F}.Release|Any CPU.ActiveCfg = Release|Any CPU
		{F7391538-CAA3-4193-AC64-0A6930E0036F}.Release|Any CPU.Build.0 = Release|Any CPU
	EndGlobalSection
	GlobalSection(SolutionProperties) = preSolution
		HideSolutionNode = FALSE
	EndGlobalSection
	GlobalSection(ExtensibilityGlobals) = postSolution
		SolutionGuid = {0D1FA634-DB44-4D54-9F9C-56B706A538B4}
	EndGlobalSection
EndGlobal
